
Microsoft Visual Studio Solution File, Format Version 12.00
# Visual Studio Version 16
VisualStudioVersion = 16.0.31729.503
MinimumVisualStudioVersion = 10.0.40219.1
Project("{8BC9CEB8-8B4A-11D0-8D11-00A0C91BC942}") = "FinalExamIan", "FinalExamIan\FinalExamIan.vcxproj", "{77A8C883-C9F2-45B0-A5C1-00EF81A4F41D}"
EndProject
Global
	GlobalSection(SolutionConfigurationPlatforms) = preSolution
		Debug|x64 = Debug|x64
		Debug|x86 = Debug|x86
		Release|x64 = Release|x64
		Release|x86 = Release|x86
	EndGlobalSection
	GlobalSection(ProjectConfigurationPlatforms) = postSolution
		{77A8C883-C9F2-45B0-A5C1-00EF81A4F41D}.Debug|x64.ActiveCfg = Debug|x64
		{77A8C883-C9F2-45B0-A5C1-00EF81A4F41D}.Debug|x64.Build.0 = Debug|x64
		{77A8C883-C9F2-45B0-A5C1-00EF81A4F41D}.Debug|x86.ActiveCfg = Debug|Win32
		{77A8C883-C9F2-45B0-A5C1-00EF81A4F41D}.Debug|x86.Build.0 = Debug|Win32
		{77A8C883-C9F2-45B0-A5C1-00EF81A4F41D}.Release|x64.ActiveCfg = Release|x64
		{77A8C883-C9F2-45B0-A5C1-00EF81A4F41D}.Release|x64.Build.0 = Release|x64
		{77A8C883-C9F2-45B0-A5C1-00EF81A4F41D}.Release|x86.ActiveCfg = Release|Win32
		{77A8C883-C9F2-45B0-A5C1-00EF81A4F41D}.Release|x86.Build.0 = Release|Win32
	EndGlobalSection
	GlobalSection(SolutionProperties) = preSolution
		HideSolutionNode = FALSE
	EndGlobalSection
	GlobalSection(ExtensibilityGlobals) = postSolution
		SolutionGuid = {5AA280FF-E6CB-44F8-B4B1-62A46E702891}
	EndGlobalSection
EndGlobal
